{
  "name": "@minv/renderer",
  "version": "0.1.0",
  "lockfileVersion": 3,
  "requires": true,
  "packages": {
    "": {
      "name": "@minv/renderer",
      "version": "0.1.0",
      "license": "MIT",
      "devDependencies": {
        "@fontsource-variable/instrument-sans": "^5.3.0",
        "@fontsource-variable/martian-mono": "^5.3.0",
        "@fontsource/commit-mono": "^5.3.0"
      }
    },
    "node_modules/@fontsource-variable/instrument-sans": {
      "version": "5.3.0",
      "resolved": "https://registry.npmjs.org/@fontsource-variable/instrument-sans/-/instrument-sans-5.3.0.tgz",
      "integrity": "sha512-u4gKbDBTNFGkg997tfQn3eHOhHuquWUFTRT/rwzuKtrxX5P2ekfs2x+LgBPP4P32+cC+vUwF1Cr+IdRoPQbrGw==",
      "dev": true,
      "license": "OFL-1.1",
      "funding": {
        "url": "https://github.com/sponsors/ayuhito"
      }
    },
    "node_modules/@fontsource-variable/martian-mono": {
      "version": "5.3.0",
      "resolved": "https://registry.npmjs.org/@fontsource-variable/martian-mono/-/martian-mono-5.3.0.tgz",
      "integrity": "sha512-0wVODx9ILwNnaYC4XCuSaFRYtj1Prd89MRVaSuv2ng6zLiQkS4SepaWEPefs7vqCZS8sbEOA8jb/4F5KNMnGdg==",
      "dev": true,
      "license": "OFL-1.1",
      "funding": {
        "url": "https://github.com/sponsors/ayuhito"
      }
    },
    "node_modules/@fontsource/commit-mono": {
      "version": "5.3.0",
      "resolved": "https://registry.npmjs.org/@fontsource/commit-mono/-/commit-mono-5.3.0.tgz",
      "integrity": "sha512-Bs+zlEWHDgk/cCVWEMJJaA7LbBU3Ixi5Zums+SSwMKdm2N7RJ4P7jCJTwsMHRt5WFiXYB0tu0q9HMfkn0YsLsQ==",
      "dev": true,
      "license": "OFL-1.1",
      "funding": {
        "url": "https://github.com/sponsors/ayuhito"
      }
    }
  }
}
